Microsoft Visual Studio Solution File, Format Version 12.00
# Visual Studio Version 17
VisualStudioVersion = 17.5.2.0
MinimumVisualStudioVersion = 10.0.40219.1
Project("{FAE04EC0-301F-11D3-BF4B-00C04F79EFBC}") = "stringvar", "stringvar\stringvar.csproj", "{DA7AF97A-F639-441A-11C0-F5B0C6FB6D44}"
EndProject
Global
	GlobalSection(SolutionConfigurationPlatforms) = preSolution
		Debug|Any CPU = Debug|Any CPU
		Release|Any CPU = Release|Any CPU
	EndGlobalSection
	GlobalSection(ProjectConfigurationPlatforms) = postSolution
		{DA7AF97A-F639-441A-11C0-F5B0C6FB6D44}.Debug|Any CPU.ActiveCfg = Debug|Any CPU
		{DA7AF97A-F639-441A-11C0-F5B0C6FB6D44}.Debug|Any CPU.Build.0 = Debug|Any CPU
		{DA7AF97A-F639-441A-11C0-F5B0C6FB6D44}.Release|Any CPU.ActiveCfg = Release|Any CPU
		{DA7AF97A-F639-441A-11C0-F5B0C6FB6D44}.Release|Any CPU.Build.0 = Release|Any CPU
	EndGlobalSection
	GlobalSection(SolutionProperties) = preSolution
		HideSolutionNode = FALSE
	EndGlobalSection
	GlobalSection(ExtensibilityGlobals) = postSolution
		SolutionGuid = {4666E1A7-F20A-4396-AC47-416AA03F48A5}
	EndGlobalSection
EndGlobal
